
Microsoft Visual Studio Solution File, Format Version 12.00
# Visual Studio Version 17
VisualStudioVersion = 17.4.33103.184
MinimumVisualStudioVersion = 10.0.40219.1
Project("{FAE04EC0-301F-11D3-BF4B-00C04F79EFBC}") = "CustomerTracking", "CustomerTracking\CustomerTracking.csproj", "{3C0CC439-F45B-492C-90FD-DE5DFF99A681}"
EndProject
Global
	GlobalSection(SolutionConfigurationPlatforms) = preSolution
		Debug|Any CPU = Debug|Any CPU
		Release|Any CPU = Release|Any CPU
	EndGlobalSection
	GlobalSection(ProjectConfigurationPlatforms) = postSolution
		{3C0CC439-F45B-492C-90FD-DE5DFF99A681}.Debug|Any CPU.ActiveCfg = Debug|Any CPU
		{3C0CC439-F45B-492C-90FD-DE5DFF99A681}.Debug|Any CPU.Build.0 = Debug|Any CPU
		{3C0CC439-F45B-492C-90FD-DE5DFF99A681}.Release|Any CPU.ActiveCfg = Release|Any CPU
		{3C0CC439-F45B-492C-90FD-DE5DFF99A681}.Release|Any CPU.Build.0 = Release|Any CPU
	EndGlobalSection
	GlobalSection(SolutionProperties) = preSolution
		HideSolutionNode = FALSE
	EndGlobalSection
	GlobalSection(ExtensibilityGlobals) = postSolution
		SolutionGuid = {6D5C66F2-07F3-4313-8107-50829E039AE4}
	EndGlobalSection
EndGlobal
